
Microsoft Visual Studio Solution File, Format Version 12.00
# Visual Studio Version 17
VisualStudioVersion = 17.4.33213.308
MinimumVisualStudioVersion = 10.0.40219.1
Project("{FAE04EC0-301F-11D3-BF4B-00C04F79EFBC}") = "Day 06", "Day 06\Day 06.csproj", "{A8E1BF9E-9045-4AAE-A837-2EE95231FAF8}"
EndProject
Global
	GlobalSection(SolutionConfigurationPlatforms) = preSolution
		Debug|Any CPU = Debug|Any CPU
		Release|Any CPU = Release|Any CPU
	EndGlobalSection
	GlobalSection(ProjectConfigurationPlatforms) = postSolution
		{A8E1BF9E-9045-4AAE-A837-2EE95231FAF8}.Debug|Any CPU.ActiveCfg = Debug|Any CPU
		{A8E1BF9E-9045-4AAE-A837-2EE95231FAF8}.Debug|Any CPU.Build.0 = Debug|Any CPU
		{A8E1BF9E-9045-4AAE-A837-2EE95231FAF8}.Release|Any CPU.ActiveCfg = Release|Any CPU
		{A8E1BF9E-9045-4AAE-A837-2EE95231FAF8}.Release|Any CPU.Build.0 = Release|Any CPU
	EndGlobalSection
	GlobalSection(SolutionProperties) = preSolution
		HideSolutionNode = FALSE
	EndGlobalSection
	GlobalSection(ExtensibilityGlobals) = postSolution
		SolutionGuid = {473354AC-40F3-4639-AC40-5B0931741D7B}
	EndGlobalSection
EndGlobal
