
Microsoft Visual Studio Solution File, Format Version 12.00
# Visual Studio Version 17
VisualStudioVersion = 17.4.33213.308
MinimumVisualStudioVersion = 10.0.40219.1
Project("{FAE04EC0-301F-11D3-BF4B-00C04F79EFBC}") = "Day 07", "Day 07\Day 07.csproj", "{B1887A5C-F19B-41FA-B8E9-BCDF3EB379F0}"
EndProject
Global
	GlobalSection(SolutionConfigurationPlatforms) = preSolution
		Debug|Any CPU = Debug|Any CPU
		Release|Any CPU = Release|Any CPU
	EndGlobalSection
	GlobalSection(ProjectConfigurationPlatforms) = postSolution
		{B1887A5C-F19B-41FA-B8E9-BCDF3EB379F0}.Debug|Any CPU.ActiveCfg = Debug|Any CPU
		{B1887A5C-F19B-41FA-B8E9-BCDF3EB379F0}.Debug|Any CPU.Build.0 = Debug|Any CPU
		{B1887A5C-F19B-41FA-B8E9-BCDF3EB379F0}.Release|Any CPU.ActiveCfg = Release|Any CPU
		{B1887A5C-F19B-41FA-B8E9-BCDF3EB379F0}.Release|Any CPU.Build.0 = Release|Any CPU
	EndGlobalSection
	GlobalSection(SolutionProperties) = preSolution
		HideSolutionNode = FALSE
	EndGlobalSection
	GlobalSection(ExtensibilityGlobals) = postSolution
		SolutionGuid = {960FC314-AECC-47D5-863A-FF7CC13DB152}
	EndGlobalSection
EndGlobal
