
Microsoft Visual Studio Solution File, Format Version 12.00
# Visual Studio Version 17
VisualStudioVersion = 17.5.33516.290
MinimumVisualStudioVersion = 10.0.40219.1
Project("{FAE04EC0-301F-11D3-BF4B-00C04F79EFBC}") = "APis.Identity.Day3", "APis.Identity.Day3\APis.Identity.Day3.csproj", "{E50327EC-1847-41CE-BD92-47DB5AF43CA4}"
EndProject
Global
	GlobalSection(SolutionConfigurationPlatforms) = preSolution
		Debug|Any CPU = Debug|Any CPU
		Release|Any CPU = Release|Any CPU
	EndGlobalSection
	GlobalSection(ProjectConfigurationPlatforms) = postSolution
		{E50327EC-1847-41CE-BD92-47DB5AF43CA4}.Debug|Any CPU.ActiveCfg = Debug|Any CPU
		{E50327EC-1847-41CE-BD92-47DB5AF43CA4}.Debug|Any CPU.Build.0 = Debug|Any CPU
		{E50327EC-1847-41CE-BD92-47DB5AF43CA4}.Release|Any CPU.ActiveCfg = Release|Any CPU
		{E50327EC-1847-41CE-BD92-47DB5AF43CA4}.Release|Any CPU.Build.0 = Release|Any CPU
	EndGlobalSection
	GlobalSection(SolutionProperties) = preSolution
		HideSolutionNode = FALSE
	EndGlobalSection
	GlobalSection(ExtensibilityGlobals) = postSolution
		SolutionGuid = {9DE4B5C8-82C2-44CF-9A5E-18381CB00D78}
	EndGlobalSection
EndGlobal
