
Microsoft Visual Studio Solution File, Format Version 12.00
# Visual Studio Version 17
VisualStudioVersion = 17.4.33213.308
MinimumVisualStudioVersion = 10.0.40219.1
Project("{FAE04EC0-301F-11D3-BF4B-00C04F79EFBC}") = "StringCalculator", "StringCalculator\StringCalculator.csproj", "{01CE68B9-B312-458E-BAD8-01D7FE02DFD2}"
EndProject
Project("{FAE04EC0-301F-11D3-BF4B-00C04F79EFBC}") = "StringCalculatorTests", "StringCalculatorTests\StringCalculatorTests.csproj", "{B7EFA304-8CAE-46C0-A745-19649FFB22DB}"
EndProject
Global
	GlobalSection(SolutionConfigurationPlatforms) = preSolution
		Debug|Any CPU = Debug|Any CPU
		Release|Any CPU = Release|Any CPU
	EndGlobalSection
	GlobalSection(ProjectConfigurationPlatforms) = postSolution
		{01CE68B9-B312-458E-BAD8-01D7FE02DFD2}.Debug|Any CPU.ActiveCfg = Debug|Any CPU
		{01CE68B9-B312-458E-BAD8-01D7FE02DFD2}.Debug|Any CPU.Build.0 = Debug|Any CPU
		{01CE68B9-B312-458E-BAD8-01D7FE02DFD2}.Release|Any CPU.ActiveCfg = Release|Any CPU
		{01CE68B9-B312-458E-BAD8-01D7FE02DFD2}.Release|Any CPU.Build.0 = Release|Any CPU
		{B7EFA304-8CAE-46C0-A745-19649FFB22DB}.Debug|Any CPU.ActiveCfg = Debug|Any CPU
		{B7EFA304-8CAE-46C0-A745-19649FFB22DB}.Debug|Any CPU.Build.0 = Debug|Any CPU
		{B7EFA304-8CAE-46C0-A745-19649FFB22DB}.Release|Any CPU.ActiveCfg = Release|Any CPU
		{B7EFA304-8CAE-46C0-A745-19649FFB22DB}.Release|Any CPU.Build.0 = Release|Any CPU
	EndGlobalSection
	GlobalSection(SolutionProperties) = preSolution
		HideSolutionNode = FALSE
	EndGlobalSection
	GlobalSection(ExtensibilityGlobals) = postSolution
		SolutionGuid = {4637F4BD-C37C-4761-8288-73AC5A1F70C3}
	EndGlobalSection
EndGlobal
