
Microsoft Visual Studio Solution File, Format Version 12.00
# Visual Studio Version 17
VisualStudioVersion = 17.4.33213.308
MinimumVisualStudioVersion = 10.0.40219.1
Project("{FAE04EC0-301F-11D3-BF4B-00C04F79EFBC}") = "Day 09", "Day 09\Day 09.csproj", "{76B33C8D-3B43-469B-AACF-7A7D73C18DEC}"
EndProject
Global
	GlobalSection(SolutionConfigurationPlatforms) = preSolution
		Debug|Any CPU = Debug|Any CPU
		Release|Any CPU = Release|Any CPU
	EndGlobalSection
	GlobalSection(ProjectConfigurationPlatforms) = postSolution
		{76B33C8D-3B43-469B-AACF-7A7D73C18DEC}.Debug|Any CPU.ActiveCfg = Debug|Any CPU
		{76B33C8D-3B43-469B-AACF-7A7D73C18DEC}.Debug|Any CPU.Build.0 = Debug|Any CPU
		{76B33C8D-3B43-469B-AACF-7A7D73C18DEC}.Release|Any CPU.ActiveCfg = Release|Any CPU
		{76B33C8D-3B43-469B-AACF-7A7D73C18DEC}.Release|Any CPU.Build.0 = Release|Any CPU
	EndGlobalSection
	GlobalSection(SolutionProperties) = preSolution
		HideSolutionNode = FALSE
	EndGlobalSection
	GlobalSection(ExtensibilityGlobals) = postSolution
		SolutionGuid = {23DCD73D-C958-49FA-A77E-5805FF9DB4A7}
	EndGlobalSection
EndGlobal
