
Microsoft Visual Studio Solution File, Format Version 12.00
# Visual Studio Version 17
VisualStudioVersion = 17.4.33213.308
MinimumVisualStudioVersion = 10.0.40219.1
Project("{FAE04EC0-301F-11D3-BF4B-00C04F79EFBC}") = "Day01", "Day01\Day01.csproj", "{AD1F0C17-C1C1-4F88-A75B-521486554C8B}"
EndProject
Global
	GlobalSection(SolutionConfigurationPlatforms) = preSolution
		Debug|Any CPU = Debug|Any CPU
		Release|Any CPU = Release|Any CPU
	EndGlobalSection
	GlobalSection(ProjectConfigurationPlatforms) = postSolution
		{AD1F0C17-C1C1-4F88-A75B-521486554C8B}.Debug|Any CPU.ActiveCfg = Debug|Any CPU
		{AD1F0C17-C1C1-4F88-A75B-521486554C8B}.Debug|Any CPU.Build.0 = Debug|Any CPU
		{AD1F0C17-C1C1-4F88-A75B-521486554C8B}.Release|Any CPU.ActiveCfg = Release|Any CPU
		{AD1F0C17-C1C1-4F88-A75B-521486554C8B}.Release|Any CPU.Build.0 = Release|Any CPU
	EndGlobalSection
	GlobalSection(SolutionProperties) = preSolution
		HideSolutionNode = FALSE
	EndGlobalSection
	GlobalSection(ExtensibilityGlobals) = postSolution
		SolutionGuid = {BAABE2F5-5914-44CC-9E3B-65FE0FE0C984}
	EndGlobalSection
EndGlobal
