
Microsoft Visual Studio Solution File, Format Version 12.00
# Visual Studio Version 17
VisualStudioVersion = 17.4.33213.308
MinimumVisualStudioVersion = 10.0.40219.1
Project("{FAE04EC0-301F-11D3-BF4B-00C04F79EFBC}") = "TaskDayTwo", "TaskDayTwo\TaskDayTwo.csproj", "{26499CEE-05D8-4473-95DE-6518336DEF4D}"
EndProject
Global
	GlobalSection(SolutionConfigurationPlatforms) = preSolution
		Debug|Any CPU = Debug|Any CPU
		Release|Any CPU = Release|Any CPU
	EndGlobalSection
	GlobalSection(ProjectConfigurationPlatforms) = postSolution
		{26499CEE-05D8-4473-95DE-6518336DEF4D}.Debug|Any CPU.ActiveCfg = Debug|Any CPU
		{26499CEE-05D8-4473-95DE-6518336DEF4D}.Debug|Any CPU.Build.0 = Debug|Any CPU
		{26499CEE-05D8-4473-95DE-6518336DEF4D}.Release|Any CPU.ActiveCfg = Release|Any CPU
		{26499CEE-05D8-4473-95DE-6518336DEF4D}.Release|Any CPU.Build.0 = Release|Any CPU
	EndGlobalSection
	GlobalSection(SolutionProperties) = preSolution
		HideSolutionNode = FALSE
	EndGlobalSection
	GlobalSection(ExtensibilityGlobals) = postSolution
		SolutionGuid = {74AC71D3-C5FD-4322-8E03-90DF858B836F}
	EndGlobalSection
EndGlobal
