
Microsoft Visual Studio Solution File, Format Version 12.00
# Visual Studio Version 17
VisualStudioVersion = 17.4.33213.308
MinimumVisualStudioVersion = 10.0.40219.1
Project("{FAE04EC0-301F-11D3-BF4B-00C04F79EFBC}") = "ReverseString", "ReverseString\ReverseString.csproj", "{48A831A5-331E-46CA-B6BE-0068BC020318}"
EndProject
Project("{FAE04EC0-301F-11D3-BF4B-00C04F79EFBC}") = "MaxDistance", "MaxDistance\MaxDistance.csproj", "{9B465B63-FD5B-4833-B4CB-B31EF3E6794F}"
EndProject
Project("{FAE04EC0-301F-11D3-BF4B-00C04F79EFBC}") = "CountOnes", "CountOnes\CountOnes.csproj", "{64487B3B-D935-4163-970A-0B952C4F6EB4}"
EndProject
Global
	GlobalSection(SolutionConfigurationPlatforms) = preSolution
		Debug|Any CPU = Debug|Any CPU
		Release|Any CPU = Release|Any CPU
	EndGlobalSection
	GlobalSection(ProjectConfigurationPlatforms) = postSolution
		{48A831A5-331E-46CA-B6BE-0068BC020318}.Debug|Any CPU.ActiveCfg = Debug|Any CPU
		{48A831A5-331E-46CA-B6BE-0068BC020318}.Debug|Any CPU.Build.0 = Debug|Any CPU
		{48A831A5-331E-46CA-B6BE-0068BC020318}.Release|Any CPU.ActiveCfg = Release|Any CPU
		{48A831A5-331E-46CA-B6BE-0068BC020318}.Release|Any CPU.Build.0 = Release|Any CPU
		{9B465B63-FD5B-4833-B4CB-B31EF3E6794F}.Debug|Any CPU.ActiveCfg = Debug|Any CPU
		{9B465B63-FD5B-4833-B4CB-B31EF3E6794F}.Debug|Any CPU.Build.0 = Debug|Any CPU
		{9B465B63-FD5B-4833-B4CB-B31EF3E6794F}.Release|Any CPU.ActiveCfg = Release|Any CPU
		{9B465B63-FD5B-4833-B4CB-B31EF3E6794F}.Release|Any CPU.Build.0 = Release|Any CPU
		{64487B3B-D935-4163-970A-0B952C4F6EB4}.Debug|Any CPU.ActiveCfg = Debug|Any CPU
		{64487B3B-D935-4163-970A-0B952C4F6EB4}.Debug|Any CPU.Build.0 = Debug|Any CPU
		{64487B3B-D935-4163-970A-0B952C4F6EB4}.Release|Any CPU.ActiveCfg = Release|Any CPU
		{64487B3B-D935-4163-970A-0B952C4F6EB4}.Release|Any CPU.Build.0 = Release|Any CPU
	EndGlobalSection
	GlobalSection(SolutionProperties) = preSolution
		HideSolutionNode = FALSE
	EndGlobalSection
	GlobalSection(ExtensibilityGlobals) = postSolution
		SolutionGuid = {9D6342F2-1C0E-4049-AECB-F2E6C58F5CA2}
	EndGlobalSection
EndGlobal
