
Microsoft Visual Studio Solution File, Format Version 12.00
# Visual Studio Version 17
VisualStudioVersion = 17.4.33213.308
MinimumVisualStudioVersion = 10.0.40219.1
Project("{FAE04EC0-301F-11D3-BF4B-00C04F79EFBC}") = "Day 10", "Day 10\Day 10.csproj", "{C0FA5690-23E8-4EFA-B91D-90E346093AAF}"
EndProject
Global
	GlobalSection(SolutionConfigurationPlatforms) = preSolution
		Debug|Any CPU = Debug|Any CPU
		Release|Any CPU = Release|Any CPU
	EndGlobalSection
	GlobalSection(ProjectConfigurationPlatforms) = postSolution
		{C0FA5690-23E8-4EFA-B91D-90E346093AAF}.Debug|Any CPU.ActiveCfg = Debug|Any CPU
		{C0FA5690-23E8-4EFA-B91D-90E346093AAF}.Debug|Any CPU.Build.0 = Debug|Any CPU
		{C0FA5690-23E8-4EFA-B91D-90E346093AAF}.Release|Any CPU.ActiveCfg = Release|Any CPU
		{C0FA5690-23E8-4EFA-B91D-90E346093AAF}.Release|Any CPU.Build.0 = Release|Any CPU
	EndGlobalSection
	GlobalSection(SolutionProperties) = preSolution
		HideSolutionNode = FALSE
	EndGlobalSection
	GlobalSection(ExtensibilityGlobals) = postSolution
		SolutionGuid = {5ADCAF65-3FFD-49E2-9B1A-2F51FABDAC5B}
	EndGlobalSection
EndGlobal
