
Microsoft Visual Studio Solution File, Format Version 12.00
# Visual Studio Version 17
VisualStudioVersion = 17.4.33213.308
MinimumVisualStudioVersion = 10.0.40219.1
Project("{FAE04EC0-301F-11D3-BF4B-00C04F79EFBC}") = "TestWebAPI", "TestWebAPI\TestWebAPI.csproj", "{71F70201-A429-48E6-9E94-EC3E1E7BFA20}"
EndProject
Global
	GlobalSection(SolutionConfigurationPlatforms) = preSolution
		Debug|Any CPU = Debug|Any CPU
		Release|Any CPU = Release|Any CPU
	EndGlobalSection
	GlobalSection(ProjectConfigurationPlatforms) = postSolution
		{71F70201-A429-48E6-9E94-EC3E1E7BFA20}.Debug|Any CPU.ActiveCfg = Debug|Any CPU
		{71F70201-A429-48E6-9E94-EC3E1E7BFA20}.Debug|Any CPU.Build.0 = Debug|Any CPU
		{71F70201-A429-48E6-9E94-EC3E1E7BFA20}.Release|Any CPU.ActiveCfg = Release|Any CPU
		{71F70201-A429-48E6-9E94-EC3E1E7BFA20}.Release|Any CPU.Build.0 = Release|Any CPU
	EndGlobalSection
	GlobalSection(SolutionProperties) = preSolution
		HideSolutionNode = FALSE
	EndGlobalSection
	GlobalSection(ExtensibilityGlobals) = postSolution
		SolutionGuid = {50D2E2B6-F77A-41EE-8005-E309A9D9851C}
	EndGlobalSection
EndGlobal
